// !$*UTF8*$!
{
	archiveVersion = 1;
	classes = {
	};
	objectVersion = 46;
	objects = {

/* Begin PBXBuildFile section */
		4B204C9E2241AE4BC6939FCB /* Pods_pixel_City.framework in Frameworks */ = {isa = PBXBuildFile; fileRef = 5AAEFB572D564754AA87F22F /* Pods_pixel_City.framework */; };
		69083CBC20A2074B00BA28D3 /* PhotoCell.swift in Sources */ = {isa = PBXBuildFile; fileRef = 69083CBB20A2074B00BA28D3 /* PhotoCell.swift */; };
		69083CBE20A226E400BA28D3 /* Constants.swift in Sources */ = {isa = PBXBuildFile; fileRef = 69083CBD20A226E400BA28D3 /* Constants.swift */; };
		6908CD3320823A1400C5B12F /* DroppablePin.swift in Sources */ = {isa = PBXBuildFile; fileRef = 6908CD3220823A1400C5B12F /* DroppablePin.swift */; };
		69DC799C2080CC97001A7D1D /* AppDelegate.swift in Sources */ = {isa = PBXBuildFile; fileRef = 69DC799B2080CC97001A7D1D /* AppDelegate.swift */; };
		69DC799E2080CC97001A7D1D /* mapVC.swift in Sources */ = {isa = PBXBuildFile; fileRef = 69DC799D2080CC97001A7D1D /* mapVC.swift */; };
		69DC79A12080CC97001A7D1D /* Main.storyboard in Resources */ = {isa = PBXBuildFile; fileRef = 69DC799F2080CC97001A7D1D /* Main.storyboard */; };
		69DC79A32080CC97001A7D1D /* Assets.xcassets in Resources */ = {isa = PBXBuildFile; fileRef = 69DC79A22080CC97001A7D1D /* Assets.xcassets */; };
		69DC79A62080CC97001A7D1D /* LaunchScreen.storyboard in Resources */ = {isa = PBXBuildFile; fileRef = 69DC79A42080CC97001A7D1D /* LaunchScreen.storyboard */; };
/* End PBXBuildFile section */

/* Begin PBXFileReference section */
		493DD8C0E959E6868CC818AA /* Pods-pixel-City.debug.xcconfig */ = {isa = PBXFileReference; includeInIndex = 1; lastKnownFileType = text.xcconfig; name = "Pods-pixel-City.debug.xcconfig"; path = "Pods/Target Support Files/Pods-pixel-City/Pods-pixel-City.debug.xcconfig"; sourceTree = "<group>"; };
		5AAEFB572D564754AA87F22F /* Pods_pixel_City.framework */ = {isa = PBXFileReference; explicitFileType = wrapper.framework; includeInIndex = 0; path = Pods_pixel_City.framework; sourceTree = BUILT_PRODUCTS_DIR; };
		69083CBB20A2074B00BA28D3 /* PhotoCell.swift */ = {isa = PBXFileReference; fileEncoding = 4; lastKnownFileType = sourcecode.swift; path = PhotoCell.swift; sourceTree = "<group>"; };
		69083CBD20A226E400BA28D3 /* Constants.swift */ = {isa = PBXFileReference; fileEncoding = 4; lastKnownFileType = sourcecode.swift; path = Constants.swift; sourceTree = "<group>"; };
		6908CD3220823A1400C5B12F /* DroppablePin.swift */ = {isa = PBXFileReference; fileEncoding = 4; lastKnownFileType = sourcecode.swift; path = DroppablePin.swift; sourceTree = "<group>"; };
		69DC79982080CC97001A7D1D /* pixel-City.app */ = {isa = PBXFileReference; explicitFileType = wrapper.application; includeInIndex = 0; path = "pixel-City.app"; sourceTree = BUILT_PRODUCTS_DIR; };
		69DC799B2080CC97001A7D1D /* AppDelegate.swift */ = {isa = PBXFileReference; lastKnownFileType = sourcecode.swift; path = AppDelegate.swift; sourceTree = "<group>"; };
		69DC799D2080CC97001A7D1D /* mapVC.swift */ = {isa = PBXFileReference; lastKnownFileType = sourcecode.swift; path = mapVC.swift; sourceTree = "<group>"; };
		69DC79A02080CC97001A7D1D /* Base */ = {isa = PBXFileReference; lastKnownFileType = file.storyboard; name = Base; path = Base.lproj/Main.storyboard; sourceTree = "<group>"; };
		69DC79A22080CC97001A7D1D /* Assets.xcassets */ = {isa = PBXFileReference; lastKnownFileType = folder.assetcatalog; path = Assets.xcassets; sourceTree = "<group>"; };
		69DC79A52080CC97001A7D1D /* Base */ = {isa = PBXFileReference; lastKnownFileType = file.storyboard; name = Base; path = Base.lproj/LaunchScreen.storyboard; sourceTree = "<group>"; };
		69DC79A72080CC97001A7D1D /* Info.plist */ = {isa = PBXFileReference; lastKnownFileType = text.plist.xml; path = Info.plist; sourceTree = "<group>"; };
		B9453CDD764A9C54C06D9987 /* Pods-pixel-City.release.xcconfig */ = {isa = PBXFileReference; includeInIndex = 1; lastKnownFileType = text.xcconfig; name = "Pods-pixel-City.release.xcconfig"; path = "Pods/Target Support Files/Pods-pixel-City/Pods-pixel-City.release.xcconfig"; sourceTree = "<group>"; };
/* End PBXFileReference section */

/* Begin PBXFrameworksBuildPhase section */
		69DC79952080CC97001A7D1D /* Frameworks */ = {
			isa = PBXFrameworksBuildPhase;
			buildActionMask = 2147483647;
			files = (
				4B204C9E2241AE4BC6939FCB /* Pods_pixel_City.framework in Frameworks */,
			);
			runOnlyForDeploymentPostprocessing = 0;
		};
/* End PBXFrameworksBuildPhase section */

/* Begin PBXGroup section */
		0C385D0D4FE3A2D7BA62EDE1 /* Pods */ = {
			isa = PBXGroup;
			children = (
				493DD8C0E959E6868CC818AA /* Pods-pixel-City.debug.xcconfig */,
				B9453CDD764A9C54C06D9987 /* Pods-pixel-City.release.xcconfig */,
			);
			name = Pods;
			sourceTree = "<group>";
		};
		69DC798F2080CC97001A7D1D = {
			isa = PBXGroup;
			children = (
				69DC799A2080CC97001A7D1D /* pixel-City */,
				69DC79992080CC97001A7D1D /* Products */,
				0C385D0D4FE3A2D7BA62EDE1 /* Pods */,
				987B2D866C41B9825F893161 /* Frameworks */,
			);
			sourceTree = "<group>";
		};
		69DC79992080CC97001A7D1D /* Products */ = {
			isa = PBXGroup;
			children = (
				69DC79982080CC97001A7D1D /* pixel-City.app */,
			);
			name = Products;
			sourceTree = "<group>";
		};
		69DC799A2080CC97001A7D1D /* pixel-City */ = {
			isa = PBXGroup;
			children = (
				69DC79B02080CDAC001A7D1D /* Utilties */,
				69DC79AF2080CD48001A7D1D /* Extensions */,
				69DC79AE2080CD25001A7D1D /* View */,
				69DC79AD2080CCED001A7D1D /* Controller */,
				69DC799B2080CC97001A7D1D /* AppDelegate.swift */,
				69DC799F2080CC97001A7D1D /* Main.storyboard */,
				69DC79A22080CC97001A7D1D /* Assets.xcassets */,
				69DC79A42080CC97001A7D1D /* LaunchScreen.storyboard */,
				69DC79A72080CC97001A7D1D /* Info.plist */,
			);
			path = "pixel-City";
			sourceTree = "<group>";
		};
		69DC79AD2080CCED001A7D1D /* Controller */ = {
			isa = PBXGroup;
			children = (
				69DC799D2080CC97001A7D1D /* mapVC.swift */,
			);
			name = Controller;
			sourceTree = "<group>";
		};
		69DC79AE2080CD25001A7D1D /* View */ = {
			isa = PBXGroup;
			children = (
				6908CD3220823A1400C5B12F /* DroppablePin.swift */,
				69083CBB20A2074B00BA28D3 /* PhotoCell.swift */,
			);
			name = View;
			sourceTree = "<group>";
		};
		69DC79AF2080CD48001A7D1D /* Extensions */ = {
			isa = PBXGroup;
			children = (
				69083CBD20A226E400BA28D3 /* Constants.swift */,
			);
			name = Extensions;
			sourceTree = "<group>";
		};
		69DC79B02080CDAC001A7D1D /* Utilties */ = {
			isa = PBXGroup;
			children = (
			);
			name = Utilties;
			sourceTree = "<group>";
		};
		987B2D866C41B9825F893161 /* Frameworks */ = {
			isa = PBXGroup;
			children = (
				5AAEFB572D564754AA87F22F /* Pods_pixel_City.framework */,
			);
			name = Frameworks;
			sourceTree = "<group>";
		};
/* End PBXGroup section */

/* Begin PBXNativeTarget section */
		69DC79972080CC97001A7D1D /* pixel-City */ = {
			isa = PBXNativeTarget;
			buildConfigurationList = 69DC79AA2080CC97001A7D1D /* Build configuration list for PBXNativeTarget "pixel-City" */;
			buildPhases = (
				AD2DC37B022B8DFA62679536 /* [CP] Check Pods Manifest.lock */,
				69DC79942080CC97001A7D1D /* Sources */,
				69DC79952080CC97001A7D1D /* Frameworks */,
				69DC79962080CC97001A7D1D /* Resources */,
				0723BFCA1BD8494CC1BE5B78 /* [CP] Embed Pods Frameworks */,
				61AA95E4DC1C66CC1B800A7E /* [CP] Copy Pods Resources */,
			);
			buildRules = (
			);
			dependencies = (
			);
			name = "pixel-City";
			productName = "pixel-City";
			productReference = 69DC79982080CC97001A7D1D /* pixel-City.app */;
			productType = "com.apple.product-type.application";
		};
/* End PBXNativeTarget section */

/* Begin PBXProject section */
		69DC79902080CC97001A7D1D /* Project object */ = {
			isa = PBXProject;
			attributes = {
				LastSwiftUpdateCheck = 0830;
				LastUpgradeCheck = 0830;
				ORGANIZATIONNAME = FARIDO;
				TargetAttributes = {
					69DC79972080CC97001A7D1D = {
						CreatedOnToolsVersion = 8.3.3;
						ProvisioningStyle = Automatic;
					};
				};
			};
			buildConfigurationList = 69DC79932080CC97001A7D1D /* Build configuration list for PBXProject "pixel-City" */;
			compatibilityVersion = "Xcode 3.2";
			developmentRegion = English;
			hasScannedForEncodings = 0;
			knownRegions = (
				en,
				Base,
			);
			mainGroup = 69DC798F2080CC97001A7D1D;
			productRefGroup = 69DC79992080CC97001A7D1D /* Products */;
			projectDirPath = "";
			projectRoot = "";
			targets = (
				69DC79972080CC97001A7D1D /* pixel-City */,
			);
		};
/* End PBXProject section */

/* Begin PBXResourcesBuildPhase section */
		69DC79962080CC97001A7D1D /* Resources */ = {
			isa = PBXResourcesBuildPhase;
			buildActionMask = 2147483647;
			files = (
				69DC79A62080CC97001A7D1D /* LaunchScreen.storyboard in Resources */,
				69DC79A32080CC97001A7D1D /* Assets.xcassets in Resources */,
				69DC79A12080CC97001A7D1D /* Main.storyboard in Resources */,
			);
			runOnlyForDeploymentPostprocessing = 0;
		};
/* End PBXResourcesBuildPhase section */

/* Begin PBXShellScriptBuildPhase section */
		0723BFCA1BD8494CC1BE5B78 /* [CP] Embed Pods Frameworks */ = {
			isa = PBXShellScriptBuildPhase;
			buildActionMask = 2147483647;
			files = (
			);
			inputPaths = (
				"${SRCROOT}/Pods/Target Support Files/Pods-pixel-City/Pods-pixel-City-frameworks.sh",
				"${BUILT_PRODUCTS_DIR}/Alamofire/Alamofire.framework",
				"${BUILT_PRODUCTS_DIR}/AlamofireImage/AlamofireImage.framework",
			);
			name = "[CP] Embed Pods Frameworks";
			outputPaths = (
				"${TARGET_BUILD_DIR}/${FRAMEWORKS_FOLDER_PATH}/Alamofire.framework",
				"${TARGET_BUILD_DIR}/${FRAMEWORKS_FOLDER_PATH}/AlamofireImage.framework",
			);
			runOnlyForDeploymentPostprocessing = 0;
			shellPath = /bin/sh;
			shellScript = "\"${SRCROOT}/Pods/Target Support Files/Pods-pixel-City/Pods-pixel-City-frameworks.sh\"\n";
			showEnvVarsInLog = 0;
		};
		61AA95E4DC1C66CC1B800A7E /* [CP] Copy Pods Resources */ = {
			isa = PBXShellScriptBuildPhase;
			buildActionMask = 2147483647;
			files = (
			);
			inputPaths = (
			);
			name = "[CP] Copy Pods Resources";
			outputPaths = (
			);
			runOnlyForDeploymentPostprocessing = 0;
			shellPath = /bin/sh;
			shellScript = "\"${SRCROOT}/Pods/Target Support Files/Pods-pixel-City/Pods-pixel-City-resources.sh\"\n";
			showEnvVarsInLog = 0;
		};
		AD2DC37B022B8DFA62679536 /* [CP] Check Pods Manifest.lock */ = {
			isa = PBXShellScriptBuildPhase;
			buildActionMask = 2147483647;
			files = (
			);
			inputPaths = (
				"${PODS_PODFILE_DIR_PATH}/Podfile.lock",
				"${PODS_ROOT}/Manifest.lock",
			);
			name = "[CP] Check Pods Manifest.lock";
			outputPaths = (
				"$(DERIVED_FILE_DIR)/Pods-pixel-City-checkManifestLockResult.txt",
			);
			runOnlyForDeploymentPostprocessing = 0;
			shellPath = /bin/sh;
			shellScript = "diff \"${PODS_PODFILE_DIR_PATH}/Podfile.lock\" \"${PODS_ROOT}/Manifest.lock\" > /dev/null\nif [ $? != 0 ] ; then\n    # print error to STDERR\n    echo \"error: The sandbox is not in sync with the Podfile.lock. Run 'pod install' or update your CocoaPods installation.\" >&2\n    exit 1\nfi\n# This output is used by Xcode 'outputs' to avoid re-running this script phase.\necho \"SUCCESS\" > \"${SCRIPT_OUTPUT_FILE_0}\"\n";
			showEnvVarsInLog = 0;
		};
/* End PBXShellScriptBuildPhase section */

/* Begin PBXSourcesBuildPhase section */
		69DC79942080CC97001A7D1D /* Sources */ = {
			isa = PBXSourcesBuildPhase;
			buildActionMask = 2147483647;
			files = (
				69083CBE20A226E400BA28D3 /* Constants.swift in Sources */,
				69083CBC20A2074B00BA28D3 /* PhotoCell.swift in Sources */,
				69DC799E2080CC97001A7D1D /* mapVC.swift in Sources */,
				6908CD3320823A1400C5B12F /* DroppablePin.swift in Sources */,
				69DC799C2080CC97001A7D1D /* AppDelegate.swift in Sources */,
			);
			runOnlyForDeploymentPostprocessing = 0;
		};
/* End PBXSourcesBuildPhase section */

/* Begin PBXVariantGroup section */
		69DC799F2080CC97001A7D1D /* Main.storyboard */ = {
			isa = PBXVariantGroup;
			children = (
				69DC79A02080CC97001A7D1D /* Base */,
			);
			name = Main.storyboard;
			sourceTree = "<group>";
		};
		69DC79A42080CC97001A7D1D /* LaunchScreen.storyboard */ = {
			isa = PBXVariantGroup;
			children = (
				69DC79A52080CC97001A7D1D /* Base */,
			);
			name = LaunchScreen.storyboard;
			sourceTree = "<group>";
		};
/* End PBXVariantGroup section */

/* Begin XCBuildConfiguration section */
		69DC79A82080CC97001A7D1D /* Debug */ = {
			isa = XCBuildConfiguration;
			buildSettings = {
				ALWAYS_SEARCH_USER_PATHS = NO;
				CLANG_ANALYZER_NONNULL = YES;
				CLANG_ANALYZER_NUMBER_OBJECT_CONVERSION = YES_AGGRESSIVE;
				CLANG_CXX_LANGUAGE_STANDARD = "gnu++0x";
				CLANG_CXX_LIBRARY = "libc++";
				CLANG_ENABLE_MODULES = YES;
				CLANG_ENABLE_OBJC_ARC = YES;
				CLANG_WARN_BOOL_CONVERSION = YES;
				CLANG_WARN_CONSTANT_CONVERSION = YES;
				CLANG_WARN_DIRECT_OBJC_ISA_USAGE = YES_ERROR;
				CLANG_WARN_DOCUMENTATION_COMMENTS = YES;
				CLANG_WARN_EMPTY_BODY = YES;
				CLANG_WARN_ENUM_CONVERSION = YES;
				CLANG_WARN_INFINITE_RECURSION = YES;
				CLANG_WARN_INT_CONVERSION = YES;
				CLANG_WARN_OBJC_ROOT_CLASS = YES_ERROR;
				CLANG_WARN_SUSPICIOUS_MOVE = YES;
				CLANG_WARN_UNREACHABLE_CODE = YES;
				CLANG_WARN__DUPLICATE_METHOD_MATCH = YES;
				"CODE_SIGN_IDENTITY[sdk=iphoneos*]" = "iPhone Developer";
				COPY_PHASE_STRIP = NO;
				DEBUG_INFORMATION_FORMAT = dwarf;
				ENABLE_STRICT_OBJC_MSGSEND = YES;
				ENABLE_TESTABILITY = YES;
				GCC_C_LANGUAGE_STANDARD = gnu99;
				GCC_DYNAMIC_NO_PIC = NO;
				GCC_NO_COMMON_BLOCKS = YES;
				GCC_OPTIMIZATION_LEVEL = 0;
				GCC_PREPROCESSOR_DEFINITIONS = (
					"DEBUG=1",
					"$(inherited)",
				);
				GCC_WARN_64_TO_32_BIT_CONVERSION = YES;
				GCC_WARN_ABOUT_RETURN_TYPE = YES_ERROR;
				GCC_WARN_UNDECLARED_SELECTOR = YES;
				GCC_WARN_UNINITIALIZED_AUTOS = YES_AGGRESSIVE;
				GCC_WARN_UNUSED_FUNCTION = YES;
				GCC_WARN_UNUSED_VARIABLE = YES;
				IPHONEOS_DEPLOYMENT_TARGET = 10.3;
				MTL_ENABLE_DEBUG_INFO = YES;
				ONLY_ACTIVE_ARCH = YES;
				SDKROOT = iphoneos;
				SWIFT_ACTIVE_COMPILATION_CONDITIONS = DEBUG;
				SWIFT_OPTIMIZATION_LEVEL = "-Onone";
			};
			name = Debug;
		};
		69DC79A92080CC97001A7D1D /* Release */ = {
			isa = XCBuildConfiguration;
			buildSettings = {
				ALWAYS_SEARCH_USER_PATHS = NO;
				CLANG_ANALYZER_NONNULL = YES;
				CLANG_ANALYZER_NUMBER_OBJECT_CONVERSION = YES_AGGRESSIVE;
				CLANG_CXX_LANGUAGE_STANDARD = "gnu++0x";
				CLANG_CXX_LIBRARY = "libc++";
				CLANG_ENABLE_MODULES = YES;
				CLANG_ENABLE_OBJC_ARC = YES;
				CLANG_WARN_BOOL_CONVERSION = YES;
				CLANG_WARN_CONSTANT_CONVERSION = YES;
				CLANG_WARN_DIRECT_OBJC_ISA_USAGE = YES_ERROR;
				CLANG_WARN_DOCUMENTATION_COMMENTS = YES;
				CLANG_WARN_EMPTY_BODY = YES;
				CLANG_WARN_ENUM_CONVERSION = YES;
				CLANG_WARN_INFINITE_RECURSION = YES;
				CLANG_WARN_INT_CONVERSION = YES;
				CLANG_WARN_OBJC_ROOT_CLASS = YES_ERROR;
				CLANG_WARN_SUSPICIOUS_MOVE = YES;
				CLANG_WARN_UNREACHABLE_CODE = YES;
				CLANG_WARN__DUPLICATE_METHOD_MATCH = YES;
				"CODE_SIGN_IDENTITY[sdk=iphoneos*]" = "iPhone Developer";
				COPY_PHASE_STRIP = NO;
				DEBUG_INFORMATION_FORMAT = "dwarf-with-dsym";
				ENABLE_NS_ASSERTIONS = NO;
				ENABLE_STRICT_OBJC_MSGSEND = YES;
				GCC_C_LANGUAGE_STANDARD = gnu99;
				GCC_NO_COMMON_BLOCKS = YES;
				GCC_WARN_64_TO_32_BIT_CONVERSION = YES;
				GCC_WARN_ABOUT_RETURN_TYPE = YES_ERROR;
				GCC_WARN_UNDECLARED_SELECTOR = YES;
				GCC_WARN_UNINITIALIZED_AUTOS = YES_AGGRESSIVE;
				GCC_WARN_UNUSED_FUNCTION = YES;
				GCC_WARN_UNUSED_VARIABLE = YES;
				IPHONEOS_DEPLOYMENT_TARGET = 10.3;
				MTL_ENABLE_DEBUG_INFO = NO;
				SDKROOT = iphoneos;
				SWIFT_OPTIMIZATION_LEVEL = "-Owholemodule";
				VALIDATE_PRODUCT = YES;
			};
			name = Release;
		};
		69DC79AB2080CC97001A7D1D /* Debug */ = {
			isa = XCBuildConfiguration;
			baseConfigurationReference = 493DD8C0E959E6868CC818AA /* Pods-pixel-City.debug.xcconfig */;
			buildSettings = {
				ASSETCATALOG_COMPILER_APPICON_NAME = AppIcon;
				INFOPLIST_FILE = "pixel-City/Info.plist";
				LD_RUNPATH_SEARCH_PATHS = "$(inherited) @executable_path/Frameworks";
				PRODUCT_BUNDLE_IDENTIFIER = "com.farid.Mohar.pixel-City";
				PRODUCT_NAME = "$(TARGET_NAME)";
				SWIFT_VERSION = 3.0;
			};
			name = Debug;
		};
		69DC79AC2080CC97001A7D1D /* Release */ = {
			isa = XCBuildConfiguration;
			baseConfigurationReference = B9453CDD764A9C54C06D9987 /* Pods-pixel-City.release.xcconfig */;
			buildSettings = {
				ASSETCATALOG_COMPILER_APPICON_NAME = AppIcon;
				INFOPLIST_FILE = "pixel-City/Info.plist";
				LD_RUNPATH_SEARCH_PATHS = "$(inherited) @executable_path/Frameworks";
				PRODUCT_BUNDLE_IDENTIFIER = "com.farid.Mohar.pixel-City";
				PRODUCT_NAME = "$(TARGET_NAME)";
				SWIFT_VERSION = 3.0;
			};
			name = Release;
		};
/* End XCBuildConfiguration section */

/* Begin XCConfigurationList section */
		69DC79932080CC97001A7D1D /* Build configuration list for PBXProject "pixel-City" */ = {
			isa = XCConfigurationList;
			buildConfigurations = (
				69DC79A82080CC97001A7D1D /* Debug */,
				69DC79A92080CC97001A7D1D /* Release */,
			);
			defaultConfigurationIsVisible = 0;
			defaultConfigurationName = Release;
		};
		69DC79AA2080CC97001A7D1D /* Build configuration list for PBXNativeTarget "pixel-City" */ = {
			isa = XCConfigurationList;
			buildConfigurations = (
				69DC79AB2080CC97001A7D1D /* Debug */,
				69DC79AC2080CC97001A7D1D /* Release */,
			);
			defaultConfigurationIsVisible = 0;
			defaultConfigurationName = Release;
		};
/* End XCConfigurationList section */
	};
	rootObject = 69DC79902080CC97001A7D1D /* Project object */;
}
